
Microsoft Visual Studio Solution File, Format Version 12.00
# Visual Studio Version 17
VisualStudioVersion = 17.9.34728.123
MinimumVisualStudioVersion = 10.0.40219.1
Project("{FAE04EC0-301F-11D3-BF4B-00C04F79EFBC}") = "CSV DataGrid", "CSV DataGrid\CSV DataGrid.csproj", "{97E84A1E-CA1C-4B7F-B00C-AF60A8C32FEC}"
EndProject
Global
	GlobalSection(SolutionConfigurationPlatforms) = preSolution
		Debug|Any CPU = Debug|Any CPU
		Release|Any CPU = Release|Any CPU
	EndGlobalSection
	GlobalSection(ProjectConfigurationPlatforms) = postSolution
		{97E84A1E-CA1C-4B7F-B00C-AF60A8C32FEC}.Debug|Any CPU.ActiveCfg = Debug|Any CPU
		{97E84A1E-CA1C-4B7F-B00C-AF60A8C32FEC}.Debug|Any CPU.Build.0 = Debug|Any CPU
		{97E84A1E-CA1C-4B7F-B00C-AF60A8C32FEC}.Release|Any CPU.ActiveCfg = Release|Any CPU
		{97E84A1E-CA1C-4B7F-B00C-AF60A8C32FEC}.Release|Any CPU.Build.0 = Release|Any CPU
	EndGlobalSection
	GlobalSection(SolutionProperties) = preSolution
		HideSolutionNode = FALSE
	EndGlobalSection
	GlobalSection(ExtensibilityGlobals) = postSolution
		SolutionGuid = {DE5C0BAE-7A99-4893-B2EC-7B43CDE935FB}
	EndGlobalSection
EndGlobal
