
Microsoft Visual Studio Solution File, Format Version 12.00
# Visual Studio Version 17
VisualStudioVersion = 17.9.34728.123
MinimumVisualStudioVersion = 10.0.40219.1
Project("{FAE04EC0-301F-11D3-BF4B-00C04F79EFBC}") = "DarkAdminPanel", "DarkAdminPanel\DarkAdminPanel.csproj", "{7BE7A90C-81E3-4F63-9E64-8938DFDE4A0B}"
EndProject
Global
	GlobalSection(SolutionConfigurationPlatforms) = preSolution
		Debug|Any CPU = Debug|Any CPU
		Release|Any CPU = Release|Any CPU
	EndGlobalSection
	GlobalSection(ProjectConfigurationPlatforms) = postSolution
		{7BE7A90C-81E3-4F63-9E64-8938DFDE4A0B}.Debug|Any CPU.ActiveCfg = Debug|Any CPU
		{7BE7A90C-81E3-4F63-9E64-8938DFDE4A0B}.Debug|Any CPU.Build.0 = Debug|Any CPU
		{7BE7A90C-81E3-4F63-9E64-8938DFDE4A0B}.Release|Any CPU.ActiveCfg = Release|Any CPU
		{7BE7A90C-81E3-4F63-9E64-8938DFDE4A0B}.Release|Any CPU.Build.0 = Release|Any CPU
	EndGlobalSection
	GlobalSection(SolutionProperties) = preSolution
		HideSolutionNode = FALSE
	EndGlobalSection
	GlobalSection(ExtensibilityGlobals) = postSolution
		SolutionGuid = {84CDDD78-9609-405B-9268-EACD9CE44BBD}
	EndGlobalSection
EndGlobal
