
Microsoft Visual Studio Solution File, Format Version 12.00
# Visual Studio Version 17
VisualStudioVersion = 17.9.34728.123
MinimumVisualStudioVersion = 10.0.40219.1
Project("{FAE04EC0-301F-11D3-BF4B-00C04F79EFBC}") = "WpfSlidePanel", "WpfSlidePanel\WpfSlidePanel.csproj", "{B082A607-691B-42B0-82B1-B09C39769B16}"
EndProject
Global
	GlobalSection(SolutionConfigurationPlatforms) = preSolution
		Debug|Any CPU = Debug|Any CPU
		Release|Any CPU = Release|Any CPU
	EndGlobalSection
	GlobalSection(ProjectConfigurationPlatforms) = postSolution
		{B082A607-691B-42B0-82B1-B09C39769B16}.Debug|Any CPU.ActiveCfg = Debug|Any CPU
		{B082A607-691B-42B0-82B1-B09C39769B16}.Debug|Any CPU.Build.0 = Debug|Any CPU
		{B082A607-691B-42B0-82B1-B09C39769B16}.Release|Any CPU.ActiveCfg = Release|Any CPU
		{B082A607-691B-42B0-82B1-B09C39769B16}.Release|Any CPU.Build.0 = Release|Any CPU
	EndGlobalSection
	GlobalSection(SolutionProperties) = preSolution
		HideSolutionNode = FALSE
	EndGlobalSection
	GlobalSection(ExtensibilityGlobals) = postSolution
		SolutionGuid = {B2CD6791-C577-4881-B490-0047B3C1982D}
	EndGlobalSection
EndGlobal
