
Microsoft Visual Studio Solution File, Format Version 12.00
# Visual Studio Version 17
VisualStudioVersion = 17.9.34728.123
MinimumVisualStudioVersion = 10.0.40219.1
Project("{FAE04EC0-301F-11D3-BF4B-00C04F79EFBC}") = "Memory", "Memory\Memory.csproj", "{909D6EE6-83D4-4E4E-BA75-414EE3139175}"
EndProject
Global
	GlobalSection(SolutionConfigurationPlatforms) = preSolution
		Debug|Any CPU = Debug|Any CPU
		Release|Any CPU = Release|Any CPU
	EndGlobalSection
	GlobalSection(ProjectConfigurationPlatforms) = postSolution
		{909D6EE6-83D4-4E4E-BA75-414EE3139175}.Debug|Any CPU.ActiveCfg = Debug|Any CPU
		{909D6EE6-83D4-4E4E-BA75-414EE3139175}.Debug|Any CPU.Build.0 = Debug|Any CPU
		{909D6EE6-83D4-4E4E-BA75-414EE3139175}.Release|Any CPU.ActiveCfg = Release|Any CPU
		{909D6EE6-83D4-4E4E-BA75-414EE3139175}.Release|Any CPU.Build.0 = Release|Any CPU
	EndGlobalSection
	GlobalSection(SolutionProperties) = preSolution
		HideSolutionNode = FALSE
	EndGlobalSection
	GlobalSection(ExtensibilityGlobals) = postSolution
		SolutionGuid = {E38674B2-147A-4C6A-851D-348C683DEC9C}
	EndGlobalSection
EndGlobal
