
Microsoft Visual Studio Solution File, Format Version 12.00
# Visual Studio Version 17
VisualStudioVersion = 17.9.34728.123
MinimumVisualStudioVersion = 10.0.40219.1
Project("{FAE04EC0-301F-11D3-BF4B-00C04F79EFBC}") = "Property_DataTriggers", "Property_DataTriggers\Property_DataTriggers.csproj", "{5C12953C-8FF8-4CFC-BF25-D252F68BE607}"
EndProject
Global
	GlobalSection(SolutionConfigurationPlatforms) = preSolution
		Debug|Any CPU = Debug|Any CPU
		Release|Any CPU = Release|Any CPU
	EndGlobalSection
	GlobalSection(ProjectConfigurationPlatforms) = postSolution
		{5C12953C-8FF8-4CFC-BF25-D252F68BE607}.Debug|Any CPU.ActiveCfg = Debug|Any CPU
		{5C12953C-8FF8-4CFC-BF25-D252F68BE607}.Debug|Any CPU.Build.0 = Debug|Any CPU
		{5C12953C-8FF8-4CFC-BF25-D252F68BE607}.Release|Any CPU.ActiveCfg = Release|Any CPU
		{5C12953C-8FF8-4CFC-BF25-D252F68BE607}.Release|Any CPU.Build.0 = Release|Any CPU
	EndGlobalSection
	GlobalSection(SolutionProperties) = preSolution
		HideSolutionNode = FALSE
	EndGlobalSection
	GlobalSection(ExtensibilityGlobals) = postSolution
		SolutionGuid = {CABCC3F1-E775-41B5-ACC5-2FCFA1FEA48F}
	EndGlobalSection
EndGlobal
