
Microsoft Visual Studio Solution File, Format Version 12.00
# Visual Studio Version 17
VisualStudioVersion = 17.9.34728.123
MinimumVisualStudioVersion = 10.0.40219.1
Project("{FAE04EC0-301F-11D3-BF4B-00C04F79EFBC}") = "SmartHomeApp", "SmartHomeApp\SmartHomeApp.csproj", "{09B7B79C-D071-4B39-A26F-6F79F5C20157}"
EndProject
Global
	GlobalSection(SolutionConfigurationPlatforms) = preSolution
		Debug|Any CPU = Debug|Any CPU
		Release|Any CPU = Release|Any CPU
	EndGlobalSection
	GlobalSection(ProjectConfigurationPlatforms) = postSolution
		{09B7B79C-D071-4B39-A26F-6F79F5C20157}.Debug|Any CPU.ActiveCfg = Debug|Any CPU
		{09B7B79C-D071-4B39-A26F-6F79F5C20157}.Debug|Any CPU.Build.0 = Debug|Any CPU
		{09B7B79C-D071-4B39-A26F-6F79F5C20157}.Release|Any CPU.ActiveCfg = Release|Any CPU
		{09B7B79C-D071-4B39-A26F-6F79F5C20157}.Release|Any CPU.Build.0 = Release|Any CPU
	EndGlobalSection
	GlobalSection(SolutionProperties) = preSolution
		HideSolutionNode = FALSE
	EndGlobalSection
	GlobalSection(ExtensibilityGlobals) = postSolution
		SolutionGuid = {48531E1F-D637-483D-A889-C4841F3B4000}
	EndGlobalSection
EndGlobal
