
Microsoft Visual Studio Solution File, Format Version 12.00
# Visual Studio Version 17
VisualStudioVersion = 17.9.34728.123
MinimumVisualStudioVersion = 10.0.40219.1
Project("{FAE04EC0-301F-11D3-BF4B-00C04F79EFBC}") = "WpfDataBinding", "WpfDataBinding\WpfDataBinding.csproj", "{AD0E5BC0-5489-4757-A740-7AE9A6ED35EC}"
EndProject
Global
	GlobalSection(SolutionConfigurationPlatforms) = preSolution
		Debug|Any CPU = Debug|Any CPU
		Release|Any CPU = Release|Any CPU
	EndGlobalSection
	GlobalSection(ProjectConfigurationPlatforms) = postSolution
		{AD0E5BC0-5489-4757-A740-7AE9A6ED35EC}.Debug|Any CPU.ActiveCfg = Debug|Any CPU
		{AD0E5BC0-5489-4757-A740-7AE9A6ED35EC}.Debug|Any CPU.Build.0 = Debug|Any CPU
		{AD0E5BC0-5489-4757-A740-7AE9A6ED35EC}.Release|Any CPU.ActiveCfg = Release|Any CPU
		{AD0E5BC0-5489-4757-A740-7AE9A6ED35EC}.Release|Any CPU.Build.0 = Release|Any CPU
	EndGlobalSection
	GlobalSection(SolutionProperties) = preSolution
		HideSolutionNode = FALSE
	EndGlobalSection
	GlobalSection(ExtensibilityGlobals) = postSolution
		SolutionGuid = {11959DD9-40E4-485F-B377-7E41ACD77026}
	EndGlobalSection
EndGlobal
