
Microsoft Visual Studio Solution File, Format Version 12.00
# Visual Studio Version 17
VisualStudioVersion = 17.9.34728.123
MinimumVisualStudioVersion = 10.0.40219.1
Project("{FAE04EC0-301F-11D3-BF4B-00C04F79EFBC}") = "WpfDependencyInjectionNavigation", "WpfDependencyInjectionNavigation\WpfDependencyInjectionNavigation.csproj", "{FF5CC0D1-9863-4F05-85EB-D2FC0137AB31}"
EndProject
Global
	GlobalSection(SolutionConfigurationPlatforms) = preSolution
		Debug|Any CPU = Debug|Any CPU
		Release|Any CPU = Release|Any CPU
	EndGlobalSection
	GlobalSection(ProjectConfigurationPlatforms) = postSolution
		{FF5CC0D1-9863-4F05-85EB-D2FC0137AB31}.Debug|Any CPU.ActiveCfg = Debug|Any CPU
		{FF5CC0D1-9863-4F05-85EB-D2FC0137AB31}.Debug|Any CPU.Build.0 = Debug|Any CPU
		{FF5CC0D1-9863-4F05-85EB-D2FC0137AB31}.Release|Any CPU.ActiveCfg = Release|Any CPU
		{FF5CC0D1-9863-4F05-85EB-D2FC0137AB31}.Release|Any CPU.Build.0 = Release|Any CPU
	EndGlobalSection
	GlobalSection(SolutionProperties) = preSolution
		HideSolutionNode = FALSE
	EndGlobalSection
	GlobalSection(ExtensibilityGlobals) = postSolution
		SolutionGuid = {36FA872D-481D-4842-9F9C-E4DD72A9FD84}
	EndGlobalSection
EndGlobal
