
Microsoft Visual Studio Solution File, Format Version 12.00
# Visual Studio Version 17
VisualStudioVersion = 17.9.34728.123
MinimumVisualStudioVersion = 10.0.40219.1
Project("{9A19103F-16F7-4668-BE54-9A1E7A4F7556}") = "KakaoStudy", "KakaoStudy\KakaoStudy.csproj", "{4F04D0D4-9169-48F2-A571-1EA682B405F4}"
EndProject
Project("{9A19103F-16F7-4668-BE54-9A1E7A4F7556}") = "KakaoStudy.Forms", "KakaoStudy.Forms\KakaoStudy.Forms.csproj", "{9C03C92C-64BF-4C1F-B021-6B9BD0704D6E}"
EndProject
Project("{9A19103F-16F7-4668-BE54-9A1E7A4F7556}") = "KakaoStudy.Login", "KakaoStudy.Login\KakaoStudy.Login.csproj", "{CCD530CF-EC27-43C0-A9F8-8A86F3B5E72C}"
EndProject
Project("{2150E333-8FDC-42A3-9474-1A3956D46DE8}") = "Studio", "Studio", "{1A7D5046-D2A5-456F-A4D5-82D07467C076}"
EndProject
Project("{2150E333-8FDC-42A3-9474-1A3956D46DE8}") = "Partial", "Partial", "{FD130E39-1313-45CF-AA46-264869F9489A}"
EndProject
Project("{FAE04EC0-301F-11D3-BF4B-00C04F79EFBC}") = "KakaoStudy.Friends", "KakaoStudy.Friends\KakaoStudy.Friends.csproj", "{EEFFE23F-4775-4879-BA71-CB7F5E9155AE}"
EndProject
Project("{2150E333-8FDC-42A3-9474-1A3956D46DE8}") = "Based", "Based", "{2E8F3713-7D07-4862-91F7-0D9AEF58CF04}"
EndProject
Project("{FAE04EC0-301F-11D3-BF4B-00C04F79EFBC}") = "KakaoStudy.Core", "KakaoStudy.Core\KakaoStudy.Core.csproj", "{1A2763CB-512D-4988-84D8-679444DCA5FA}"
EndProject
Project("{FAE04EC0-301F-11D3-BF4B-00C04F79EFBC}") = "KakaoStudy.Main", "KakaoStudy.Main\KakaoStudy.Main.csproj", "{F21AAB26-BBB3-45BC-9ED5-2742F59BA3FA}"
EndProject
Project("{FAE04EC0-301F-11D3-BF4B-00C04F79EFBC}") = "KakaoStudy.Chats", "KakaoStudy.Chats\KakaoStudy.Chats.csproj", "{AED20BFE-367F-4486-95CC-ECC672E52B9C}"
EndProject
Project("{FAE04EC0-301F-11D3-BF4B-00C04F79EFBC}") = "KakaoStudy.More", "KakaoStudy.More\KakaoStudy.More.csproj", "{F4A4AFE9-E566-4E20-822D-3B469ED95F65}"
EndProject
Project("{2150E333-8FDC-42A3-9474-1A3956D46DE8}") = "Foundation", "Foundation", "{7975515B-02BB-497A-8F18-E5254F0B446D}"
EndProject
Project("{FAE04EC0-301F-11D3-BF4B-00C04F79EFBC}") = "KakaoStudy.LayoutSupport", "KakaoStudy.LayoutSupport\KakaoStudy.LayoutSupport.csproj", "{80A305AB-6FF9-41EA-A4F6-10558423F9AC}"
EndProject
Global
	GlobalSection(SolutionConfigurationPlatforms) = preSolution
		Debug|Any CPU = Debug|Any CPU
		Release|Any CPU = Release|Any CPU
	EndGlobalSection
	GlobalSection(ProjectConfigurationPlatforms) = postSolution
		{4F04D0D4-9169-48F2-A571-1EA682B405F4}.Debug|Any CPU.ActiveCfg = Debug|Any CPU
		{4F04D0D4-9169-48F2-A571-1EA682B405F4}.Debug|Any CPU.Build.0 = Debug|Any CPU
		{4F04D0D4-9169-48F2-A571-1EA682B405F4}.Release|Any CPU.ActiveCfg = Release|Any CPU
		{4F04D0D4-9169-48F2-A571-1EA682B405F4}.Release|Any CPU.Build.0 = Release|Any CPU
		{9C03C92C-64BF-4C1F-B021-6B9BD0704D6E}.Debug|Any CPU.ActiveCfg = Debug|Any CPU
		{9C03C92C-64BF-4C1F-B021-6B9BD0704D6E}.Debug|Any CPU.Build.0 = Debug|Any CPU
		{9C03C92C-64BF-4C1F-B021-6B9BD0704D6E}.Release|Any CPU.ActiveCfg = Release|Any CPU
		{9C03C92C-64BF-4C1F-B021-6B9BD0704D6E}.Release|Any CPU.Build.0 = Release|Any CPU
		{CCD530CF-EC27-43C0-A9F8-8A86F3B5E72C}.Debug|Any CPU.ActiveCfg = Debug|Any CPU
		{CCD530CF-EC27-43C0-A9F8-8A86F3B5E72C}.Debug|Any CPU.Build.0 = Debug|Any CPU
		{CCD530CF-EC27-43C0-A9F8-8A86F3B5E72C}.Release|Any CPU.ActiveCfg = Release|Any CPU
		{CCD530CF-EC27-43C0-A9F8-8A86F3B5E72C}.Release|Any CPU.Build.0 = Release|Any CPU
		{EEFFE23F-4775-4879-BA71-CB7F5E9155AE}.Debug|Any CPU.ActiveCfg = Debug|Any CPU
		{EEFFE23F-4775-4879-BA71-CB7F5E9155AE}.Debug|Any CPU.Build.0 = Debug|Any CPU
		{EEFFE23F-4775-4879-BA71-CB7F5E9155AE}.Release|Any CPU.ActiveCfg = Release|Any CPU
		{EEFFE23F-4775-4879-BA71-CB7F5E9155AE}.Release|Any CPU.Build.0 = Release|Any CPU
		{1A2763CB-512D-4988-84D8-679444DCA5FA}.Debug|Any CPU.ActiveCfg = Debug|Any CPU
		{1A2763CB-512D-4988-84D8-679444DCA5FA}.Debug|Any CPU.Build.0 = Debug|Any CPU
		{1A2763CB-512D-4988-84D8-679444DCA5FA}.Release|Any CPU.ActiveCfg = Release|Any CPU
		{1A2763CB-512D-4988-84D8-679444DCA5FA}.Release|Any CPU.Build.0 = Release|Any CPU
		{F21AAB26-BBB3-45BC-9ED5-2742F59BA3FA}.Debug|Any CPU.ActiveCfg = Debug|Any CPU
		{F21AAB26-BBB3-45BC-9ED5-2742F59BA3FA}.Debug|Any CPU.Build.0 = Debug|Any CPU
		{F21AAB26-BBB3-45BC-9ED5-2742F59BA3FA}.Release|Any CPU.ActiveCfg = Release|Any CPU
		{F21AAB26-BBB3-45BC-9ED5-2742F59BA3FA}.Release|Any CPU.Build.0 = Release|Any CPU
		{AED20BFE-367F-4486-95CC-ECC672E52B9C}.Debug|Any CPU.ActiveCfg = Debug|Any CPU
		{AED20BFE-367F-4486-95CC-ECC672E52B9C}.Debug|Any CPU.Build.0 = Debug|Any CPU
		{AED20BFE-367F-4486-95CC-ECC672E52B9C}.Release|Any CPU.ActiveCfg = Release|Any CPU
		{AED20BFE-367F-4486-95CC-ECC672E52B9C}.Release|Any CPU.Build.0 = Release|Any CPU
		{F4A4AFE9-E566-4E20-822D-3B469ED95F65}.Debug|Any CPU.ActiveCfg = Debug|Any CPU
		{F4A4AFE9-E566-4E20-822D-3B469ED95F65}.Debug|Any CPU.Build.0 = Debug|Any CPU
		{F4A4AFE9-E566-4E20-822D-3B469ED95F65}.Release|Any CPU.ActiveCfg = Release|Any CPU
		{F4A4AFE9-E566-4E20-822D-3B469ED95F65}.Release|Any CPU.Build.0 = Release|Any CPU
		{80A305AB-6FF9-41EA-A4F6-10558423F9AC}.Debug|Any CPU.ActiveCfg = Debug|Any CPU
		{80A305AB-6FF9-41EA-A4F6-10558423F9AC}.Debug|Any CPU.Build.0 = Debug|Any CPU
		{80A305AB-6FF9-41EA-A4F6-10558423F9AC}.Release|Any CPU.ActiveCfg = Release|Any CPU
		{80A305AB-6FF9-41EA-A4F6-10558423F9AC}.Release|Any CPU.Build.0 = Release|Any CPU
	EndGlobalSection
	GlobalSection(SolutionProperties) = preSolution
		HideSolutionNode = FALSE
	EndGlobalSection
	GlobalSection(NestedProjects) = preSolution
		{4F04D0D4-9169-48F2-A571-1EA682B405F4} = {1A7D5046-D2A5-456F-A4D5-82D07467C076}
		{9C03C92C-64BF-4C1F-B021-6B9BD0704D6E} = {FD130E39-1313-45CF-AA46-264869F9489A}
		{CCD530CF-EC27-43C0-A9F8-8A86F3B5E72C} = {FD130E39-1313-45CF-AA46-264869F9489A}
		{EEFFE23F-4775-4879-BA71-CB7F5E9155AE} = {FD130E39-1313-45CF-AA46-264869F9489A}
		{1A2763CB-512D-4988-84D8-679444DCA5FA} = {2E8F3713-7D07-4862-91F7-0D9AEF58CF04}
		{F21AAB26-BBB3-45BC-9ED5-2742F59BA3FA} = {FD130E39-1313-45CF-AA46-264869F9489A}
		{AED20BFE-367F-4486-95CC-ECC672E52B9C} = {FD130E39-1313-45CF-AA46-264869F9489A}
		{F4A4AFE9-E566-4E20-822D-3B469ED95F65} = {FD130E39-1313-45CF-AA46-264869F9489A}
		{80A305AB-6FF9-41EA-A4F6-10558423F9AC} = {7975515B-02BB-497A-8F18-E5254F0B446D}
	EndGlobalSection
	GlobalSection(ExtensibilityGlobals) = postSolution
		SolutionGuid = {81F01917-143F-4D29-8845-4E9311D5EECA}
	EndGlobalSection
EndGlobal
