
Microsoft Visual Studio Solution File, Format Version 12.00
# Visual Studio Version 17
VisualStudioVersion = 17.9.34728.123
MinimumVisualStudioVersion = 10.0.40219.1
Project("{FAE04EC0-301F-11D3-BF4B-00C04F79EFBC}") = "WpfRiotSlider", "WpfRiotSlider\WpfRiotSlider.csproj", "{67885B4F-09E5-465D-9B06-17D0963CE262}"
EndProject
Project("{FAE04EC0-301F-11D3-BF4B-00C04F79EFBC}") = "SliderControl", "SliderControl\SliderControl.csproj", "{8AA1DDFF-15E2-4FCA-9FD1-36C5D2965AD3}"
EndProject
Global
	GlobalSection(SolutionConfigurationPlatforms) = preSolution
		Debug|Any CPU = Debug|Any CPU
		Release|Any CPU = Release|Any CPU
	EndGlobalSection
	GlobalSection(ProjectConfigurationPlatforms) = postSolution
		{67885B4F-09E5-465D-9B06-17D0963CE262}.Debug|Any CPU.ActiveCfg = Debug|Any CPU
		{67885B4F-09E5-465D-9B06-17D0963CE262}.Debug|Any CPU.Build.0 = Debug|Any CPU
		{67885B4F-09E5-465D-9B06-17D0963CE262}.Release|Any CPU.ActiveCfg = Release|Any CPU
		{67885B4F-09E5-465D-9B06-17D0963CE262}.Release|Any CPU.Build.0 = Release|Any CPU
		{8AA1DDFF-15E2-4FCA-9FD1-36C5D2965AD3}.Debug|Any CPU.ActiveCfg = Debug|Any CPU
		{8AA1DDFF-15E2-4FCA-9FD1-36C5D2965AD3}.Debug|Any CPU.Build.0 = Debug|Any CPU
		{8AA1DDFF-15E2-4FCA-9FD1-36C5D2965AD3}.Release|Any CPU.ActiveCfg = Release|Any CPU
		{8AA1DDFF-15E2-4FCA-9FD1-36C5D2965AD3}.Release|Any CPU.Build.0 = Release|Any CPU
	EndGlobalSection
	GlobalSection(SolutionProperties) = preSolution
		HideSolutionNode = FALSE
	EndGlobalSection
	GlobalSection(ExtensibilityGlobals) = postSolution
		SolutionGuid = {97AB9987-1AB1-476F-9B23-76AEA3A024D7}
	EndGlobalSection
EndGlobal
