
Microsoft Visual Studio Solution File, Format Version 12.00
# Visual Studio Version 17
VisualStudioVersion = 17.9.34728.123
MinimumVisualStudioVersion = 10.0.40219.1
Project("{FAE04EC0-301F-11D3-BF4B-00C04F79EFBC}") = "ModernUI", "ModernUI\ModernUI.csproj", "{9BDD4BBA-D29C-41E4-94A2-F0DA7180CF63}"
EndProject
Global
	GlobalSection(SolutionConfigurationPlatforms) = preSolution
		Debug|Any CPU = Debug|Any CPU
		Release|Any CPU = Release|Any CPU
	EndGlobalSection
	GlobalSection(ProjectConfigurationPlatforms) = postSolution
		{9BDD4BBA-D29C-41E4-94A2-F0DA7180CF63}.Debug|Any CPU.ActiveCfg = Debug|Any CPU
		{9BDD4BBA-D29C-41E4-94A2-F0DA7180CF63}.Debug|Any CPU.Build.0 = Debug|Any CPU
		{9BDD4BBA-D29C-41E4-94A2-F0DA7180CF63}.Release|Any CPU.ActiveCfg = Release|Any CPU
		{9BDD4BBA-D29C-41E4-94A2-F0DA7180CF63}.Release|Any CPU.Build.0 = Release|Any CPU
	EndGlobalSection
	GlobalSection(SolutionProperties) = preSolution
		HideSolutionNode = FALSE
	EndGlobalSection
	GlobalSection(ExtensibilityGlobals) = postSolution
		SolutionGuid = {B923F90E-82EC-4758-BD7F-6699771AC66B}
	EndGlobalSection
EndGlobal
