
Microsoft Visual Studio Solution File, Format Version 12.00
# Visual Studio Version 17
VisualStudioVersion = 17.9.34728.123
MinimumVisualStudioVersion = 10.0.40219.1
Project("{9A19103F-16F7-4668-BE54-9A1E7A4F7556}") = "YouTubeViewers", "YouTubeViewers\YouTubeViewers.csproj", "{F471D27F-CD2C-4279-98CB-753C1F1EE7B0}"
EndProject
Project("{FAE04EC0-301F-11D3-BF4B-00C04F79EFBC}") = "YouTubeViewers.EntityFramework", "YouTubeViewers.EntityFramework\YouTubeViewers.EntityFramework.csproj", "{4659713E-E87E-4C45-9393-4D712FB235C0}"
EndProject
Project("{FAE04EC0-301F-11D3-BF4B-00C04F79EFBC}") = "YouTubeViewers.Domain", "YouTubeViewers.Domain\YouTubeViewers.Domain.csproj", "{F10C0A7F-EF39-42F0-8B9F-92DD9A166C58}"
EndProject
Global
	GlobalSection(SolutionConfigurationPlatforms) = preSolution
		Debug|Any CPU = Debug|Any CPU
		Release|Any CPU = Release|Any CPU
	EndGlobalSection
	GlobalSection(ProjectConfigurationPlatforms) = postSolution
		{F471D27F-CD2C-4279-98CB-753C1F1EE7B0}.Debug|Any CPU.ActiveCfg = Debug|Any CPU
		{F471D27F-CD2C-4279-98CB-753C1F1EE7B0}.Debug|Any CPU.Build.0 = Debug|Any CPU
		{F471D27F-CD2C-4279-98CB-753C1F1EE7B0}.Release|Any CPU.ActiveCfg = Release|Any CPU
		{F471D27F-CD2C-4279-98CB-753C1F1EE7B0}.Release|Any CPU.Build.0 = Release|Any CPU
		{4659713E-E87E-4C45-9393-4D712FB235C0}.Debug|Any CPU.ActiveCfg = Debug|Any CPU
		{4659713E-E87E-4C45-9393-4D712FB235C0}.Debug|Any CPU.Build.0 = Debug|Any CPU
		{4659713E-E87E-4C45-9393-4D712FB235C0}.Release|Any CPU.ActiveCfg = Release|Any CPU
		{4659713E-E87E-4C45-9393-4D712FB235C0}.Release|Any CPU.Build.0 = Release|Any CPU
		{F10C0A7F-EF39-42F0-8B9F-92DD9A166C58}.Debug|Any CPU.ActiveCfg = Debug|Any CPU
		{F10C0A7F-EF39-42F0-8B9F-92DD9A166C58}.Debug|Any CPU.Build.0 = Debug|Any CPU
		{F10C0A7F-EF39-42F0-8B9F-92DD9A166C58}.Release|Any CPU.ActiveCfg = Release|Any CPU
		{F10C0A7F-EF39-42F0-8B9F-92DD9A166C58}.Release|Any CPU.Build.0 = Release|Any CPU
	EndGlobalSection
	GlobalSection(SolutionProperties) = preSolution
		HideSolutionNode = FALSE
	EndGlobalSection
	GlobalSection(ExtensibilityGlobals) = postSolution
		SolutionGuid = {B3141CDF-4256-418B-8084-7F2482DE53C1}
	EndGlobalSection
EndGlobal
