
Microsoft Visual Studio Solution File, Format Version 12.00
# Visual Studio Version 17
VisualStudioVersion = 17.9.34728.123
MinimumVisualStudioVersion = 10.0.40219.1
Project("{FAE04EC0-301F-11D3-BF4B-00C04F79EFBC}") = "Polymorphism_Interface", "Polymorphism_Interface\Polymorphism_Interface.csproj", "{6C8A470D-0945-4EFA-B654-F6D7DF2EE0D0}"
EndProject
Global
	GlobalSection(SolutionConfigurationPlatforms) = preSolution
		Debug|Any CPU = Debug|Any CPU
		Release|Any CPU = Release|Any CPU
	EndGlobalSection
	GlobalSection(ProjectConfigurationPlatforms) = postSolution
		{6C8A470D-0945-4EFA-B654-F6D7DF2EE0D0}.Debug|Any CPU.ActiveCfg = Debug|Any CPU
		{6C8A470D-0945-4EFA-B654-F6D7DF2EE0D0}.Debug|Any CPU.Build.0 = Debug|Any CPU
		{6C8A470D-0945-4EFA-B654-F6D7DF2EE0D0}.Release|Any CPU.ActiveCfg = Release|Any CPU
		{6C8A470D-0945-4EFA-B654-F6D7DF2EE0D0}.Release|Any CPU.Build.0 = Release|Any CPU
	EndGlobalSection
	GlobalSection(SolutionProperties) = preSolution
		HideSolutionNode = FALSE
	EndGlobalSection
	GlobalSection(ExtensibilityGlobals) = postSolution
		SolutionGuid = {CB626C01-7725-4C46-B2D5-9F0023767F7E}
	EndGlobalSection
EndGlobal
