
Microsoft Visual Studio Solution File, Format Version 12.00
# Visual Studio Version 17
VisualStudioVersion = 17.9.34728.123
MinimumVisualStudioVersion = 10.0.40219.1
Project("{FAE04EC0-301F-11D3-BF4B-00C04F79EFBC}") = "WpfNavigationBar", "WpfNavigationBar\WpfNavigationBar.csproj", "{0BD9D49A-1E61-450B-AEF4-AB54EE59450B}"
EndProject
Project("{FAE04EC0-301F-11D3-BF4B-00C04F79EFBC}") = "DemoApp", "DemoApp\DemoApp.csproj", "{6DAC7F16-CD6B-4165-AA97-86AFA347F051}"
EndProject
Global
	GlobalSection(SolutionConfigurationPlatforms) = preSolution
		Debug|Any CPU = Debug|Any CPU
		Release|Any CPU = Release|Any CPU
	EndGlobalSection
	GlobalSection(ProjectConfigurationPlatforms) = postSolution
		{0BD9D49A-1E61-450B-AEF4-AB54EE59450B}.Debug|Any CPU.ActiveCfg = Debug|Any CPU
		{0BD9D49A-1E61-450B-AEF4-AB54EE59450B}.Debug|Any CPU.Build.0 = Debug|Any CPU
		{0BD9D49A-1E61-450B-AEF4-AB54EE59450B}.Release|Any CPU.ActiveCfg = Release|Any CPU
		{0BD9D49A-1E61-450B-AEF4-AB54EE59450B}.Release|Any CPU.Build.0 = Release|Any CPU
		{6DAC7F16-CD6B-4165-AA97-86AFA347F051}.Debug|Any CPU.ActiveCfg = Debug|Any CPU
		{6DAC7F16-CD6B-4165-AA97-86AFA347F051}.Debug|Any CPU.Build.0 = Debug|Any CPU
		{6DAC7F16-CD6B-4165-AA97-86AFA347F051}.Release|Any CPU.ActiveCfg = Release|Any CPU
		{6DAC7F16-CD6B-4165-AA97-86AFA347F051}.Release|Any CPU.Build.0 = Release|Any CPU
	EndGlobalSection
	GlobalSection(SolutionProperties) = preSolution
		HideSolutionNode = FALSE
	EndGlobalSection
	GlobalSection(ExtensibilityGlobals) = postSolution
		SolutionGuid = {79AEF3AF-0766-4D0A-A43C-E193FCF5D637}
	EndGlobalSection
EndGlobal
