
Microsoft Visual Studio Solution File, Format Version 12.00
# Visual Studio Version 17
VisualStudioVersion = 17.9.34728.123
MinimumVisualStudioVersion = 10.0.40219.1
Project("{FAE04EC0-301F-11D3-BF4B-00C04F79EFBC}") = "UI_Custom_Control", "UI_Custom_Control\UI_Custom_Control.csproj", "{B798CDB9-5BD2-4BDB-819B-1CE790DD3BF2}"
EndProject
Global
	GlobalSection(SolutionConfigurationPlatforms) = preSolution
		Debug|Any CPU = Debug|Any CPU
		Release|Any CPU = Release|Any CPU
	EndGlobalSection
	GlobalSection(ProjectConfigurationPlatforms) = postSolution
		{B798CDB9-5BD2-4BDB-819B-1CE790DD3BF2}.Debug|Any CPU.ActiveCfg = Debug|Any CPU
		{B798CDB9-5BD2-4BDB-819B-1CE790DD3BF2}.Debug|Any CPU.Build.0 = Debug|Any CPU
		{B798CDB9-5BD2-4BDB-819B-1CE790DD3BF2}.Release|Any CPU.ActiveCfg = Release|Any CPU
		{B798CDB9-5BD2-4BDB-819B-1CE790DD3BF2}.Release|Any CPU.Build.0 = Release|Any CPU
	EndGlobalSection
	GlobalSection(SolutionProperties) = preSolution
		HideSolutionNode = FALSE
	EndGlobalSection
	GlobalSection(ExtensibilityGlobals) = postSolution
		SolutionGuid = {E9CF1D02-687E-414A-A269-B7FD9E0E9293}
	EndGlobalSection
EndGlobal
