
Microsoft Visual Studio Solution File, Format Version 12.00
# Visual Studio Version 17
VisualStudioVersion = 17.9.34728.123
MinimumVisualStudioVersion = 10.0.40219.1
Project("{9A19103F-16F7-4668-BE54-9A1E7A4F7556}") = "WpfDemo", "WpfDemo\WpfDemo.csproj", "{3E981D6B-57A5-41FB-A56D-B43A13171B68}"
EndProject
Project("{9A19103F-16F7-4668-BE54-9A1E7A4F7556}") = "HighlightTextBlockControl", "HighlightTextBlockControl\HighlightTextBlockControl.csproj", "{E3C97D6A-CE5E-4E9E-89FC-B9C84656B1AE}"
EndProject
Project("{9A19103F-16F7-4668-BE54-9A1E7A4F7556}") = "LoadingSpinnerControl", "LoadingSpinnerControl\LoadingSpinnerControl.csproj", "{D0D8C1CC-41D4-4A50-BC26-AD1BAFB41004}"
EndProject
Project("{9A19103F-16F7-4668-BE54-9A1E7A4F7556}") = "PlaceholderTextBoxControl", "PlaceholderTextBoxControl\PlaceholderTextBoxControl.csproj", "{177FA595-E974-4DAA-A12D-D0479A1CB39B}"
EndProject
Project("{FAE04EC0-301F-11D3-BF4B-00C04F79EFBC}") = "DropdownMenuControl", "DropdownMenuControl\DropdownMenuControl.csproj", "{F36BEA43-D444-4E79-8FC1-E9D539F955B2}"
EndProject
Project("{FAE04EC0-301F-11D3-BF4B-00C04F79EFBC}") = "ModalControl", "ModalControl\ModalControl.csproj", "{586008AE-6ECF-4CAB-B3B9-3940377C40FA}"
EndProject
Global
	GlobalSection(SolutionConfigurationPlatforms) = preSolution
		Debug|Any CPU = Debug|Any CPU
		Release|Any CPU = Release|Any CPU
	EndGlobalSection
	GlobalSection(ProjectConfigurationPlatforms) = postSolution
		{3E981D6B-57A5-41FB-A56D-B43A13171B68}.Debug|Any CPU.ActiveCfg = Debug|Any CPU
		{3E981D6B-57A5-41FB-A56D-B43A13171B68}.Debug|Any CPU.Build.0 = Debug|Any CPU
		{3E981D6B-57A5-41FB-A56D-B43A13171B68}.Release|Any CPU.ActiveCfg = Release|Any CPU
		{3E981D6B-57A5-41FB-A56D-B43A13171B68}.Release|Any CPU.Build.0 = Release|Any CPU
		{E3C97D6A-CE5E-4E9E-89FC-B9C84656B1AE}.Debug|Any CPU.ActiveCfg = Debug|Any CPU
		{E3C97D6A-CE5E-4E9E-89FC-B9C84656B1AE}.Debug|Any CPU.Build.0 = Debug|Any CPU
		{E3C97D6A-CE5E-4E9E-89FC-B9C84656B1AE}.Release|Any CPU.ActiveCfg = Release|Any CPU
		{E3C97D6A-CE5E-4E9E-89FC-B9C84656B1AE}.Release|Any CPU.Build.0 = Release|Any CPU
		{D0D8C1CC-41D4-4A50-BC26-AD1BAFB41004}.Debug|Any CPU.ActiveCfg = Debug|Any CPU
		{D0D8C1CC-41D4-4A50-BC26-AD1BAFB41004}.Debug|Any CPU.Build.0 = Debug|Any CPU
		{D0D8C1CC-41D4-4A50-BC26-AD1BAFB41004}.Release|Any CPU.ActiveCfg = Release|Any CPU
		{D0D8C1CC-41D4-4A50-BC26-AD1BAFB41004}.Release|Any CPU.Build.0 = Release|Any CPU
		{177FA595-E974-4DAA-A12D-D0479A1CB39B}.Debug|Any CPU.ActiveCfg = Debug|Any CPU
		{177FA595-E974-4DAA-A12D-D0479A1CB39B}.Debug|Any CPU.Build.0 = Debug|Any CPU
		{177FA595-E974-4DAA-A12D-D0479A1CB39B}.Release|Any CPU.ActiveCfg = Release|Any CPU
		{177FA595-E974-4DAA-A12D-D0479A1CB39B}.Release|Any CPU.Build.0 = Release|Any CPU
		{F36BEA43-D444-4E79-8FC1-E9D539F955B2}.Debug|Any CPU.ActiveCfg = Debug|Any CPU
		{F36BEA43-D444-4E79-8FC1-E9D539F955B2}.Debug|Any CPU.Build.0 = Debug|Any CPU
		{F36BEA43-D444-4E79-8FC1-E9D539F955B2}.Release|Any CPU.ActiveCfg = Release|Any CPU
		{F36BEA43-D444-4E79-8FC1-E9D539F955B2}.Release|Any CPU.Build.0 = Release|Any CPU
		{586008AE-6ECF-4CAB-B3B9-3940377C40FA}.Debug|Any CPU.ActiveCfg = Debug|Any CPU
		{586008AE-6ECF-4CAB-B3B9-3940377C40FA}.Debug|Any CPU.Build.0 = Debug|Any CPU
		{586008AE-6ECF-4CAB-B3B9-3940377C40FA}.Release|Any CPU.ActiveCfg = Release|Any CPU
		{586008AE-6ECF-4CAB-B3B9-3940377C40FA}.Release|Any CPU.Build.0 = Release|Any CPU
	EndGlobalSection
	GlobalSection(SolutionProperties) = preSolution
		HideSolutionNode = FALSE
	EndGlobalSection
	GlobalSection(ExtensibilityGlobals) = postSolution
		SolutionGuid = {B2E916DA-106E-44EF-A2A5-FAED032373C3}
	EndGlobalSection
EndGlobal
