
Microsoft Visual Studio Solution File, Format Version 12.00
# Visual Studio Version 17
VisualStudioVersion = 17.9.34728.123
MinimumVisualStudioVersion = 10.0.40219.1
Project("{FAE04EC0-301F-11D3-BF4B-00C04F79EFBC}") = "WpfListView", "WpfListView\WpfListView.csproj", "{34FA21AF-404F-4D84-A255-9B9D526D209E}"
EndProject
Global
	GlobalSection(SolutionConfigurationPlatforms) = preSolution
		Debug|Any CPU = Debug|Any CPU
		Release|Any CPU = Release|Any CPU
	EndGlobalSection
	GlobalSection(ProjectConfigurationPlatforms) = postSolution
		{34FA21AF-404F-4D84-A255-9B9D526D209E}.Debug|Any CPU.ActiveCfg = Debug|Any CPU
		{34FA21AF-404F-4D84-A255-9B9D526D209E}.Debug|Any CPU.Build.0 = Debug|Any CPU
		{34FA21AF-404F-4D84-A255-9B9D526D209E}.Release|Any CPU.ActiveCfg = Release|Any CPU
		{34FA21AF-404F-4D84-A255-9B9D526D209E}.Release|Any CPU.Build.0 = Release|Any CPU
	EndGlobalSection
	GlobalSection(SolutionProperties) = preSolution
		HideSolutionNode = FALSE
	EndGlobalSection
	GlobalSection(ExtensibilityGlobals) = postSolution
		SolutionGuid = {A23E1E2E-8589-42B4-8DB7-BBF029B9B4C3}
	EndGlobalSection
EndGlobal
