
Microsoft Visual Studio Solution File, Format Version 12.00
# Visual Studio Version 17
VisualStudioVersion = 17.9.34728.123
MinimumVisualStudioVersion = 10.0.40219.1
Project("{FAE04EC0-301F-11D3-BF4B-00C04F79EFBC}") = "SkillDashboard", "SkillDashboard\SkillDashboard.csproj", "{5D9A372E-3843-40FA-A142-DC6D21969EA7}"
EndProject
Global
	GlobalSection(SolutionConfigurationPlatforms) = preSolution
		Debug|Any CPU = Debug|Any CPU
		Release|Any CPU = Release|Any CPU
	EndGlobalSection
	GlobalSection(ProjectConfigurationPlatforms) = postSolution
		{5D9A372E-3843-40FA-A142-DC6D21969EA7}.Debug|Any CPU.ActiveCfg = Debug|Any CPU
		{5D9A372E-3843-40FA-A142-DC6D21969EA7}.Debug|Any CPU.Build.0 = Debug|Any CPU
		{5D9A372E-3843-40FA-A142-DC6D21969EA7}.Release|Any CPU.ActiveCfg = Release|Any CPU
		{5D9A372E-3843-40FA-A142-DC6D21969EA7}.Release|Any CPU.Build.0 = Release|Any CPU
	EndGlobalSection
	GlobalSection(SolutionProperties) = preSolution
		HideSolutionNode = FALSE
	EndGlobalSection
	GlobalSection(ExtensibilityGlobals) = postSolution
		SolutionGuid = {38128468-5C47-4B41-99B9-121AFF8C1F6A}
	EndGlobalSection
EndGlobal
